dependencies:
- name: airflow
  repository: https://airflow-helm.github.io/charts
  version: 8.1.3
- name: elasticsearch
  repository: https://helm.elastic.co
  version: 7.16.3
- name: redis
  repository: https://charts.bitnami.com/bitnami
  version: 15.4.1
- name: tranql
  repository: http://localhost:8080/
  version: 0.4.1-dev
digest: sha256:a4a1e7aaae7b7d8efc1c94f29c0747ee99c6b7f5ebfdae33b0c3a8905f02d35f
generated: "2022-02-04T21:00:45.192968-05:00"
