dependencies:
- name: airflow
  repository: https://airflow-helm.github.io/charts
  version: 8.1.3
- name: elasticsearch
  repository: https://helm.elastic.co
  version: 7.16.3
- name: redis
  repository: https://charts.bitnami.com/bitnami
  version: 15.4.1
- name: tranql
  repository: http://localhost:8080/
  version: 0.4.2
digest: sha256:3dd91b8959c53cf5b582bc841f8dd7054a6b3d4e6c4499736d9910fc63f3b47e
generated: "2022-02-09T13:44:50.321815-05:00"
