dependencies:
- name: airflow
  repository: https://airflow-helm.github.io/charts
  version: 8.1.3
- name: elasticsearch
  repository: https://helm.elastic.co
  version: 7.12.0
- name: redis
  repository: https://charts.bitnami.com/bitnami
  version: 15.4.1
- name: tranql
  repository: https://helxplatform.github.io/helm-charts/
  version: 0.2.0
digest: sha256:323184f343f33cf0b5c7c77cc51ae287d30ef92a9dced5cf55b85ff023a33805
generated: "2021-10-20T12:37:40.290646-04:00"
